
Microsoft Visual Studio Solution File, Format Version 12.00
# Visual Studio Version 17
VisualStudioVersion = 17.10.34916.146
MinimumVisualStudioVersion = 10.0.40219.1
Project("{FAE04EC0-301F-11D3-BF4B-00C04F79EFBC}") = "LinqCollectionSample", "LinqCollectionSample\LinqCollectionSample.csproj", "{BAB8BC5E-AA2A-44BB-B9D0-DAD8308578F1}"
EndProject
Global
	GlobalSection(SolutionConfigurationPlatforms) = preSolution
		Debug|Any CPU = Debug|Any CPU
		Release|Any CPU = Release|Any CPU
	EndGlobalSection
	GlobalSection(ProjectConfigurationPlatforms) = postSolution
		{BAB8BC5E-AA2A-44BB-B9D0-DAD8308578F1}.Debug|Any CPU.ActiveCfg = Debug|Any CPU
		{BAB8BC5E-AA2A-44BB-B9D0-DAD8308578F1}.Debug|Any CPU.Build.0 = Debug|Any CPU
		{BAB8BC5E-AA2A-44BB-B9D0-DAD8308578F1}.Release|Any CPU.ActiveCfg = Release|Any CPU
		{BAB8BC5E-AA2A-44BB-B9D0-DAD8308578F1}.Release|Any CPU.Build.0 = Release|Any CPU
	EndGlobalSection
	GlobalSection(SolutionProperties) = preSolution
		HideSolutionNode = FALSE
	EndGlobalSection
	GlobalSection(ExtensibilityGlobals) = postSolution
		SolutionGuid = {898ACB89-A6DD-48CF-A84B-17ABD966A7D8}
	EndGlobalSection
EndGlobal
